
Microsoft Visual Studio Solution File, Format Version 12.00
# Visual Studio Version 16
VisualStudioVersion = 16.0.31424.327
MinimumVisualStudioVersion = 10.0.40219.1
Project("{FAE04EC0-301F-11D3-BF4B-00C04F79EFBC}") = "Web1", "Web1\Web1.csproj", "{822ABF04-C33E-40CB-B7DE-7C7E0286678D}"
EndProject
Global
	GlobalSection(SolutionConfigurationPlatforms) = preSolution
		Debug|Any CPU = Debug|Any CPU
		Release|Any CPU = Release|Any CPU
	EndGlobalSection
	GlobalSection(ProjectConfigurationPlatforms) = postSolution
		{822ABF04-C33E-40CB-B7DE-7C7E0286678D}.Debug|Any CPU.ActiveCfg = Debug|Any CPU
		{822ABF04-C33E-40CB-B7DE-7C7E0286678D}.Debug|Any CPU.Build.0 = Debug|Any CPU
		{822ABF04-C33E-40CB-B7DE-7C7E0286678D}.Release|Any CPU.ActiveCfg = Release|Any CPU
		{822ABF04-C33E-40CB-B7DE-7C7E0286678D}.Release|Any CPU.Build.0 = Release|Any CPU
	EndGlobalSection
	GlobalSection(SolutionProperties) = preSolution
		HideSolutionNode = FALSE
	EndGlobalSection
	GlobalSection(ExtensibilityGlobals) = postSolution
		SolutionGuid = {93894212-FD79-4096-B57D-90329671C6E6}
	EndGlobalSection
EndGlobal
